
Microsoft Visual Studio Solution File, Format Version 12.00
# Visual Studio Version 16
VisualStudioVersion = 16.0.31410.357
MinimumVisualStudioVersion = 10.0.40219.1
Project("{9A19103F-16F7-4668-BE54-9A1E7A4F7556}") = "MassTransitDemo.Consumer.Api", "MassTransitDemo.Producer.Api\MassTransitDemo.Consumer.Api.csproj", "{3B82497B-9409-4D8F-BC5B-E5361AFFF786}"
EndProject
Project("{9A19103F-16F7-4668-BE54-9A1E7A4F7556}") = "MassTransitDemo.Producer.Api", "MassTransitDemo.Comsumer.Api\MassTransitDemo.Producer.Api.csproj", "{C7BB2AFB-DBE1-4A33-8EBA-0144177CA9BC}"
EndProject
Project("{9A19103F-16F7-4668-BE54-9A1E7A4F7556}") = "MassTransitDemo.Message", "MassTransiteDemo.Events\MassTransitDemo.Message.csproj", "{40C9F055-B332-4B36-A5D7-0E61A6C6D80B}"
EndProject
Global
	GlobalSection(SolutionConfigurationPlatforms) = preSolution
		Debug|Any CPU = Debug|Any CPU
		Release|Any CPU = Release|Any CPU
	EndGlobalSection
	GlobalSection(ProjectConfigurationPlatforms) = postSolution
		{3B82497B-9409-4D8F-BC5B-E5361AFFF786}.Debug|Any CPU.ActiveCfg = Debug|Any CPU
		{3B82497B-9409-4D8F-BC5B-E5361AFFF786}.Debug|Any CPU.Build.0 = Debug|Any CPU
		{3B82497B-9409-4D8F-BC5B-E5361AFFF786}.Release|Any CPU.ActiveCfg = Release|Any CPU
		{3B82497B-9409-4D8F-BC5B-E5361AFFF786}.Release|Any CPU.Build.0 = Release|Any CPU
		{C7BB2AFB-DBE1-4A33-8EBA-0144177CA9BC}.Debug|Any CPU.ActiveCfg = Debug|Any CPU
		{C7BB2AFB-DBE1-4A33-8EBA-0144177CA9BC}.Debug|Any CPU.Build.0 = Debug|Any CPU
		{C7BB2AFB-DBE1-4A33-8EBA-0144177CA9BC}.Release|Any CPU.ActiveCfg = Release|Any CPU
		{C7BB2AFB-DBE1-4A33-8EBA-0144177CA9BC}.Release|Any CPU.Build.0 = Release|Any CPU
		{40C9F055-B332-4B36-A5D7-0E61A6C6D80B}.Debug|Any CPU.ActiveCfg = Debug|Any CPU
		{40C9F055-B332-4B36-A5D7-0E61A6C6D80B}.Debug|Any CPU.Build.0 = Debug|Any CPU
		{40C9F055-B332-4B36-A5D7-0E61A6C6D80B}.Release|Any CPU.ActiveCfg = Release|Any CPU
		{40C9F055-B332-4B36-A5D7-0E61A6C6D80B}.Release|Any CPU.Build.0 = Release|Any CPU
	EndGlobalSection
	GlobalSection(SolutionProperties) = preSolution
		HideSolutionNode = FALSE
	EndGlobalSection
	GlobalSection(ExtensibilityGlobals) = postSolution
		SolutionGuid = {A45894A5-CCA3-46D7-AC91-264479AB115E}
	EndGlobalSection
EndGlobal
